
Microsoft Visual Studio Solution File, Format Version 12.00
# Visual Studio 15
VisualStudioVersion = 15.0.28307.489
MinimumVisualStudioVersion = 10.0.40219.1
Project("{FAE04EC0-301F-11D3-BF4B-00C04F79EFBC}") = "Data1", "Data1\Data1.csproj", "{0DBDA56B-195E-4BB6-875B-81BAB3698ED6}"
EndProject
Global
	GlobalSection(SolutionConfigurationPlatforms) = preSolution
		Debug|Any CPU = Debug|Any CPU
		Release|Any CPU = Release|Any CPU
	EndGlobalSection
	GlobalSection(ProjectConfigurationPlatforms) = postSolution
		{0DBDA56B-195E-4BB6-875B-81BAB3698ED6}.Debug|Any CPU.ActiveCfg = Debug|Any CPU
		{0DBDA56B-195E-4BB6-875B-81BAB3698ED6}.Debug|Any CPU.Build.0 = Debug|Any CPU
		{0DBDA56B-195E-4BB6-875B-81BAB3698ED6}.Release|Any CPU.ActiveCfg = Release|Any CPU
		{0DBDA56B-195E-4BB6-875B-81BAB3698ED6}.Release|Any CPU.Build.0 = Release|Any CPU
	EndGlobalSection
	GlobalSection(SolutionProperties) = preSolution
		HideSolutionNode = FALSE
	EndGlobalSection
	GlobalSection(ExtensibilityGlobals) = postSolution
		SolutionGuid = {6AB86E29-DA8C-4AB4-992F-A228895FC46C}
	EndGlobalSection
EndGlobal
